
Microsoft Visual Studio Solution File, Format Version 12.00
# Visual Studio Version 17
VisualStudioVersion = 17.4.33403.182
MinimumVisualStudioVersion = 10.0.40219.1
Project("{FAE04EC0-301F-11D3-BF4B-00C04F79EFBC}") = "ADXIngestionWorker", "ADXIngestionWorker\ADXIngestionWorker.csproj", "{428F2213-372E-414A-8A4A-DF459C8A7E9B}"
EndProject
Global
	GlobalSection(SolutionConfigurationPlatforms) = preSolution
		Debug|Any CPU = Debug|Any CPU
		Release|Any CPU = Release|Any CPU
	EndGlobalSection
	GlobalSection(ProjectConfigurationPlatforms) = postSolution
		{428F2213-372E-414A-8A4A-DF459C8A7E9B}.Debug|Any CPU.ActiveCfg = Debug|Any CPU
		{428F2213-372E-414A-8A4A-DF459C8A7E9B}.Debug|Any CPU.Build.0 = Debug|Any CPU
		{428F2213-372E-414A-8A4A-DF459C8A7E9B}.Release|Any CPU.ActiveCfg = Release|Any CPU
		{428F2213-372E-414A-8A4A-DF459C8A7E9B}.Release|Any CPU.Build.0 = Release|Any CPU
	EndGlobalSection
	GlobalSection(SolutionProperties) = preSolution
		HideSolutionNode = FALSE
	EndGlobalSection
	GlobalSection(ExtensibilityGlobals) = postSolution
		SolutionGuid = {F220DE32-CE5E-4100-8031-D845FD841780}
	EndGlobalSection
EndGlobal
